
Microsoft Visual Studio Solution File, Format Version 12.00
# Visual Studio Version 17
VisualStudioVersion = 17.1.32228.430
MinimumVisualStudioVersion = 10.0.40219.1
Project("{9A19103F-16F7-4668-BE54-9A1E7A4F7556}") = "BugTrackerUI", "BugTrackerUI\BugTrackerUI.csproj", "{FDE746D8-2589-4FF6-B5CB-46A60F6E97E9}"
EndProject
Project("{9A19103F-16F7-4668-BE54-9A1E7A4F7556}") = "BugTrackerAppLibrary", "BugTrackerAppLibrary\BugTrackerAppLibrary.csproj", "{65E93B26-705B-4B4F-AE43-1D1B6E73DCF8}"
EndProject
Project("{2150E333-8FDC-42A3-9474-1A3956D46DE8}") = "Solution Items", "Solution Items", "{EE0C6E08-C0FF-45FA-9E53-85F66EFF0C0B}"
	ProjectSection(SolutionItems) = preProject
		.editorconfig = .editorconfig
		README.md = README.md
	EndProjectSection
EndProject
Global
	GlobalSection(SolutionConfigurationPlatforms) = preSolution
		Debug|Any CPU = Debug|Any CPU
		Release|Any CPU = Release|Any CPU
	EndGlobalSection
	GlobalSection(ProjectConfigurationPlatforms) = postSolution
		{FDE746D8-2589-4FF6-B5CB-46A60F6E97E9}.Debug|Any CPU.ActiveCfg = Debug|Any CPU
		{FDE746D8-2589-4FF6-B5CB-46A60F6E97E9}.Debug|Any CPU.Build.0 = Debug|Any CPU
		{FDE746D8-2589-4FF6-B5CB-46A60F6E97E9}.Release|Any CPU.ActiveCfg = Release|Any CPU
		{FDE746D8-2589-4FF6-B5CB-46A60F6E97E9}.Release|Any CPU.Build.0 = Release|Any CPU
		{65E93B26-705B-4B4F-AE43-1D1B6E73DCF8}.Debug|Any CPU.ActiveCfg = Debug|Any CPU
		{65E93B26-705B-4B4F-AE43-1D1B6E73DCF8}.Debug|Any CPU.Build.0 = Debug|Any CPU
		{65E93B26-705B-4B4F-AE43-1D1B6E73DCF8}.Release|Any CPU.ActiveCfg = Release|Any CPU
		{65E93B26-705B-4B4F-AE43-1D1B6E73DCF8}.Release|Any CPU.Build.0 = Release|Any CPU
	EndGlobalSection
	GlobalSection(SolutionProperties) = preSolution
		HideSolutionNode = FALSE
	EndGlobalSection
	GlobalSection(ExtensibilityGlobals) = postSolution
		SolutionGuid = {C639E3CE-F938-4E6C-9458-2A0DA81D72A3}
	EndGlobalSection
EndGlobal
